PODS:
  - ADTransitionController (1.1.1)
  - Alamofire (4.2.0)
  - AlamofireImage (3.2.0):
    - Alamofire (~> 4.1)
  - AudioKit (3.5)
  - FastttCamera (0.3.4):
    - FastttCamera/Default (= 0.3.4)
  - FastttCamera/Default (0.3.4)
  - Firebase (3.10.0):
    - Firebase/Core (= 3.10.0)
  - Firebase/Core (3.10.0):
    - FirebaseAnalytics (= 3.6.0)
    - FirebaseCore (= 3.4.5)
  - FirebaseAnalytics (3.6.0):
    - FirebaseCore (~> 3.4)
    - FirebaseInstanceID (~> 1.0)
    - GoogleInterchangeUtilities (~> 1.2)
    - GoogleSymbolUtilities (~> 1.1)
    - GoogleToolboxForMac/NSData+zlib (~> 2.1)
  - FirebaseCore (3.4.5):
    - GoogleInterchangeUtilities (~> 1.2)
    - GoogleToolboxForMac/NSData+zlib (~> 2.1)
  - FirebaseInstanceID (1.0.8)
  - GoogleInterchangeUtilities (1.2.2):
    - GoogleSymbolUtilities (~> 1.1)
  - GoogleSymbolUtilities (1.1.2)
  - GoogleToolboxForMac/Defines (2.1.0)
  - GoogleToolboxForMac/NSData+zlib (2.1.0):
    - GoogleToolboxForMac/Defines (= 2.1.0)
  - PureLayout (3.0.2)
  - RandomKit (2.3.0)
  - Realm (2.1.0):
    - Realm/Headers (= 2.1.0)
  - Realm/Headers (2.1.0)
  - RealmSwift (2.1.0):
    - Realm (= 2.1.0)
  - Then (2.1.0)
  - Try (2.0.0)
  - UIImageSwiftExtensions (3.0)
  - Vivid (0.8)

DEPENDENCIES:
  - ADTransitionController (from `https://github.com/nickplee/ADTransitionController.git`)
  - Alamofire (~> 4.2)
  - AlamofireImage
  - AudioKit (~> 3.1)
  - FastttCamera (~> 0.3)
  - Firebase (~> 3.10)
  - PureLayout (~> 3.0)
  - RandomKit (~> 2.3)
  - RealmSwift (~> 2.1)
  - Then (~> 2.1)
  - Try (~> 2.0)
  - UIImageSwiftExtensions (~> 3.0)
  - Vivid (~> 0.8)

EXTERNAL SOURCES:
  ADTransitionController:
    :git: https://github.com/nickplee/ADTransitionController.git

CHECKOUT OPTIONS:
  ADTransitionController:
    :commit: 63df2166b08d679b9fbc462c8620a8ecf0cafb97
    :git: https://github.com/nickplee/ADTransitionController.git

SPEC CHECKSUMS:
  ADTransitionController: a1de96cc82a1d5db343e20bef539515cfacb6e9f
  Alamofire: aa2e09d871c9160ac53c90e83c68064a94e3dfbe
  AlamofireImage: 157ed682cc81d3b9db4fb90c1f12180ac552d93b
  AudioKit: 775885f735260c25f4f2c3c0601e79ae49900831
  FastttCamera: 51f16712cbd5bdb08bc6231b957325c6be5e478d
  Firebase: 387f37c7dca894a02708da9ff35ba147040eae9e
  FirebaseAnalytics: 9c67af0ebeb8d2146c9b4ea2616439affa947b58
  FirebaseCore: 1e383fdfe37b6b5d6ff88e84204bdee30276af0f
  FirebaseInstanceID: ba1e640935235e5fac39dfa816fe7660e72e1a8a
  GoogleInterchangeUtilities: d5bc4d88d5b661ab72f9d70c58d02ca8c27ad1f7
  GoogleSymbolUtilities: 631ee17048aa5e9ab133470d768ea997a5ef9b96
  GoogleToolboxForMac: 2b2596cbb7186865e98cadf2b1e262d851c2b168
  PureLayout: 4d550abe49a94f24c2808b9b95db9131685fe4cd
  RandomKit: 5994417ecbafec7998422ca39f129be48b41ee92
  Realm: bc829ad0ef3d4eea70c34cfcc3b1704d18d50df1
  RealmSwift: a4d4abbf0088c337cab5b738054395842e4b3052
  Then: 8496793c8fcac95482b943909b440724c7d8d82c
  Try: 4ea64206b933ff7136155b3dd41921f029db01e3
  UIImageSwiftExtensions: 1d56060dc6e955471b63520cd60c26aeebb0c440
  Vivid: 65d28aba89fc750fceda8172c8b233f27d0ac18b

PODFILE CHECKSUM: 344fbc3192212b4578fc2ced61ae2917eb080cf3

COCOAPODS: 1.1.1
