// !$*UTF8*$!
{
	archiveVersion = 1;
	classes = {
	};
	objectVersion = 46;
	objects = {

/* Begin PBXBuildFile section */
		2E70CD706CDAB08B360BA648 /* Pods_Aestheticam.framework in Frameworks */ = {isa = PBXBuildFile; fileRef = 79135688CA8162CDE7D0FD9A /* Pods_Aestheticam.framework */; };
		B89547501D1B8E120025FBF0 /* Main.storyboard in Resources */ = {isa = PBXBuildFile; fileRef = B895474E1D1B8E120025FBF0 /* Main.storyboard */; };
		B89547521D1B8E120025FBF0 /* Assets.xcassets in Resources */ = {isa = PBXBuildFile; fileRef = B89547511D1B8E120025FBF0 /* Assets.xcassets */; };
		B89547551D1B8E120025FBF0 /* LaunchScreen.storyboard in Resources */ = {isa = PBXBuildFile; fileRef = B89547531D1B8E120025FBF0 /* LaunchScreen.storyboard */; };
		B895476F1D1B8E850025FBF0 /* BaseController.swift in Sources */ = {isa = PBXBuildFile; fileRef = B895475F1D1B8E850025FBF0 /* BaseController.swift */; };
		B89547701D1B8E850025FBF0 /* CameraViewController.swift in Sources */ = {isa = PBXBuildFile; fileRef = B89547601D1B8E850025FBF0 /* CameraViewController.swift */; };
		B89547711D1B8E850025FBF0 /* ProcessViewController.swift in Sources */ = {isa = PBXBuildFile; fileRef = B89547611D1B8E850025FBF0 /* ProcessViewController.swift */; };
		B89547721D1B8E850025FBF0 /* ReviewViewController.swift in Sources */ = {isa = PBXBuildFile; fileRef = B89547621D1B8E850025FBF0 /* ReviewViewController.swift */; };
		B89547731D1B8E850025FBF0 /* Image.swift in Sources */ = {isa = PBXBuildFile; fileRef = B89547641D1B8E850025FBF0 /* Image.swift */; };
		B89547741D1B8E850025FBF0 /* AestheticApplication.swift in Sources */ = {isa = PBXBuildFile; fileRef = B89547661D1B8E850025FBF0 /* AestheticApplication.swift */; };
		B89547751D1B8E850025FBF0 /* AppDelegate.swift in Sources */ = {isa = PBXBuildFile; fileRef = B89547671D1B8E850025FBF0 /* AppDelegate.swift */; };
		B89547761D1B8E850025FBF0 /* Colors.swift in Sources */ = {isa = PBXBuildFile; fileRef = B89547681D1B8E850025FBF0 /* Colors.swift */; };
		B89547771D1B8E850025FBF0 /* Globals.swift in Sources */ = {isa = PBXBuildFile; fileRef = B89547691D1B8E850025FBF0 /* Globals.swift */; };
		B89547781D1B8E850025FBF0 /* ImageDownloader.swift in Sources */ = {isa = PBXBuildFile; fileRef = B895476A1D1B8E850025FBF0 /* ImageDownloader.swift */; };
		B89547791D1B8E850025FBF0 /* ImageProcessor.swift in Sources */ = {isa = PBXBuildFile; fileRef = B895476B1D1B8E850025FBF0 /* ImageProcessor.swift */; };
		B895477A1D1B8E850025FBF0 /* main.swift in Sources */ = {isa = PBXBuildFile; fileRef = B895476C1D1B8E850025FBF0 /* main.swift */; };
		B895477B1D1B8E850025FBF0 /* ReplaceSegue.swift in Sources */ = {isa = PBXBuildFile; fileRef = B895476D1D1B8E850025FBF0 /* ReplaceSegue.swift */; };
		B895477C1D1B8E850025FBF0 /* Synthesizer.swift in Sources */ = {isa = PBXBuildFile; fileRef = B895476E1D1B8E850025FBF0 /* Synthesizer.swift */; };
		B89547841D1B8EA90025FBF0 /* chill.mp3 in Resources */ = {isa = PBXBuildFile; fileRef = B895477E1D1B8EA90025FBF0 /* chill.mp3 */; };
		B89547851D1B8EA90025FBF0 /* push.aiff in Resources */ = {isa = PBXBuildFile; fileRef = B895477F1D1B8EA90025FBF0 /* push.aiff */; };
		B89547861D1B8EA90025FBF0 /* snd1.aiff in Resources */ = {isa = PBXBuildFile; fileRef = B89547801D1B8EA90025FBF0 /* snd1.aiff */; };
		B89547871D1B8EA90025FBF0 /* snd2.aiff in Resources */ = {isa = PBXBuildFile; fileRef = B89547811D1B8EA90025FBF0 /* snd2.aiff */; };
		B89547881D1B8EA90025FBF0 /* snd3.aiff in Resources */ = {isa = PBXBuildFile; fileRef = B89547821D1B8EA90025FBF0 /* snd3.aiff */; };
		B89547891D1B8EA90025FBF0 /* snd4.aiff in Resources */ = {isa = PBXBuildFile; fileRef = B89547831D1B8EA90025FBF0 /* snd4.aiff */; };
/* End PBXBuildFile section */

/* Begin PBXFileReference section */
		10627CA52DA8E460B4FFB36F /* Pods-Aestheticam.release.xcconfig */ = {isa = PBXFileReference; includeInIndex = 1; lastKnownFileType = text.xcconfig; name = "Pods-Aestheticam.release.xcconfig"; path = "Pods/Target Support Files/Pods-Aestheticam/Pods-Aestheticam.release.xcconfig"; sourceTree = "<group>"; };
		79135688CA8162CDE7D0FD9A /* Pods_Aestheticam.framework */ = {isa = PBXFileReference; explicitFileType = wrapper.framework; includeInIndex = 0; path = Pods_Aestheticam.framework; sourceTree = BUILT_PRODUCTS_DIR; };
		A47F4DF5B1B28C26EE476EB7 /* Pods-Aestheticam.debug.xcconfig */ = {isa = PBXFileReference; includeInIndex = 1; lastKnownFileType = text.xcconfig; name = "Pods-Aestheticam.debug.xcconfig"; path = "Pods/Target Support Files/Pods-Aestheticam/Pods-Aestheticam.debug.xcconfig"; sourceTree = "<group>"; };
		B89547471D1B8E120025FBF0 /* Aestheticam.app */ = {isa = PBXFileReference; explicitFileType = wrapper.application; includeInIndex = 0; path = Aestheticam.app; sourceTree = BUILT_PRODUCTS_DIR; };
		B895474F1D1B8E120025FBF0 /* Base */ = {isa = PBXFileReference; lastKnownFileType = file.storyboard; name = Base; path = Base.lproj/Main.storyboard; sourceTree = "<group>"; };
		B89547511D1B8E120025FBF0 /* Assets.xcassets */ = {isa = PBXFileReference; lastKnownFileType = folder.assetcatalog; path = Assets.xcassets; sourceTree = "<group>"; };
		B89547541D1B8E120025FBF0 /* Base */ = {isa = PBXFileReference; lastKnownFileType = file.storyboard; name = Base; path = Base.lproj/LaunchScreen.storyboard; sourceTree = "<group>"; };
		B89547561D1B8E120025FBF0 /* Info.plist */ = {isa = PBXFileReference; lastKnownFileType = text.plist.xml; path = Info.plist; sourceTree = "<group>"; };
		B895475F1D1B8E850025FBF0 /* BaseController.swift */ = {isa = PBXFileReference; fileEncoding = 4; lastKnownFileType = sourcecode.swift; path = BaseController.swift; sourceTree = "<group>"; };
		B89547601D1B8E850025FBF0 /* CameraViewController.swift */ = {isa = PBXFileReference; fileEncoding = 4; lastKnownFileType = sourcecode.swift; path = CameraViewController.swift; sourceTree = "<group>"; };
		B89547611D1B8E850025FBF0 /* ProcessViewController.swift */ = {isa = PBXFileReference; fileEncoding = 4; lastKnownFileType = sourcecode.swift; path = ProcessViewController.swift; sourceTree = "<group>"; };
		B89547621D1B8E850025FBF0 /* ReviewViewController.swift */ = {isa = PBXFileReference; fileEncoding = 4; lastKnownFileType = sourcecode.swift; path = ReviewViewController.swift; sourceTree = "<group>"; };
		B89547641D1B8E850025FBF0 /* Image.swift */ = {isa = PBXFileReference; fileEncoding = 4; lastKnownFileType = sourcecode.swift; path = Image.swift; sourceTree = "<group>"; };
		B89547661D1B8E850025FBF0 /* AestheticApplication.swift */ = {isa = PBXFileReference; fileEncoding = 4; lastKnownFileType = sourcecode.swift; path = AestheticApplication.swift; sourceTree = "<group>"; };
		B89547671D1B8E850025FBF0 /* AppDelegate.swift */ = {isa = PBXFileReference; fileEncoding = 4; lastKnownFileType = sourcecode.swift; path = AppDelegate.swift; sourceTree = "<group>"; };
		B89547681D1B8E850025FBF0 /* Colors.swift */ = {isa = PBXFileReference; fileEncoding = 4; lastKnownFileType = sourcecode.swift; path = Colors.swift; sourceTree = "<group>"; };
		B89547691D1B8E850025FBF0 /* Globals.swift */ = {isa = PBXFileReference; fileEncoding = 4; lastKnownFileType = sourcecode.swift; path = Globals.swift; sourceTree = "<group>"; };
		B895476A1D1B8E850025FBF0 /* ImageDownloader.swift */ = {isa = PBXFileReference; fileEncoding = 4; lastKnownFileType = sourcecode.swift; path = ImageDownloader.swift; sourceTree = "<group>"; };
		B895476B1D1B8E850025FBF0 /* ImageProcessor.swift */ = {isa = PBXFileReference; fileEncoding = 4; lastKnownFileType = sourcecode.swift; path = ImageProcessor.swift; sourceTree = "<group>"; };
		B895476C1D1B8E850025FBF0 /* main.swift */ = {isa = PBXFileReference; fileEncoding = 4; lastKnownFileType = sourcecode.swift; path = main.swift; sourceTree = "<group>"; };
		B895476D1D1B8E850025FBF0 /* ReplaceSegue.swift */ = {isa = PBXFileReference; fileEncoding = 4; lastKnownFileType = sourcecode.swift; path = ReplaceSegue.swift; sourceTree = "<group>"; };
		B895476E1D1B8E850025FBF0 /* Synthesizer.swift */ = {isa = PBXFileReference; fileEncoding = 4; lastKnownFileType = sourcecode.swift; path = Synthesizer.swift; sourceTree = "<group>"; };
		B895477E1D1B8EA90025FBF0 /* chill.mp3 */ = {isa = PBXFileReference; lastKnownFileType = audio.mp3; path = chill.mp3; sourceTree = "<group>"; };
		B895477F1D1B8EA90025FBF0 /* push.aiff */ = {isa = PBXFileReference; lastKnownFileType = audio.aiff; path = push.aiff; sourceTree = "<group>"; };
		B89547801D1B8EA90025FBF0 /* snd1.aiff */ = {isa = PBXFileReference; lastKnownFileType = audio.aiff; path = snd1.aiff; sourceTree = "<group>"; };
		B89547811D1B8EA90025FBF0 /* snd2.aiff */ = {isa = PBXFileReference; lastKnownFileType = audio.aiff; path = snd2.aiff; sourceTree = "<group>"; };
		B89547821D1B8EA90025FBF0 /* snd3.aiff */ = {isa = PBXFileReference; lastKnownFileType = audio.aiff; path = snd3.aiff; sourceTree = "<group>"; };
		B89547831D1B8EA90025FBF0 /* snd4.aiff */ = {isa = PBXFileReference; lastKnownFileType = audio.aiff; path = snd4.aiff; sourceTree = "<group>"; };
/* End PBXFileReference section */

/* Begin PBXFrameworksBuildPhase section */
		B89547441D1B8E120025FBF0 /* Frameworks */ = {
			isa = PBXFrameworksBuildPhase;
			buildActionMask = 2147483647;
			files = (
				2E70CD706CDAB08B360BA648 /* Pods_Aestheticam.framework in Frameworks */,
			);
			runOnlyForDeploymentPostprocessing = 0;
		};
/* End PBXFrameworksBuildPhase section */

/* Begin PBXGroup section */
		1C9396B0F9790469E1AA51D6 /* Pods */ = {
			isa = PBXGroup;
			children = (
				A47F4DF5B1B28C26EE476EB7 /* Pods-Aestheticam.debug.xcconfig */,
				10627CA52DA8E460B4FFB36F /* Pods-Aestheticam.release.xcconfig */,
			);
			name = Pods;
			sourceTree = "<group>";
		};
		2CB39770544164353AC4EE9B /* Frameworks */ = {
			isa = PBXGroup;
			children = (
				79135688CA8162CDE7D0FD9A /* Pods_Aestheticam.framework */,
			);
			name = Frameworks;
			sourceTree = "<group>";
		};
		B895473E1D1B8E120025FBF0 = {
			isa = PBXGroup;
			children = (
				B89547491D1B8E120025FBF0 /* Aestheticam */,
				B89547481D1B8E120025FBF0 /* Products */,
				1C9396B0F9790469E1AA51D6 /* Pods */,
				2CB39770544164353AC4EE9B /* Frameworks */,
			);
			sourceTree = "<group>";
		};
		B89547481D1B8E120025FBF0 /* Products */ = {
			isa = PBXGroup;
			children = (
				B89547471D1B8E120025FBF0 /* Aestheticam.app */,
			);
			name = Products;
			sourceTree = "<group>";
		};
		B89547491D1B8E120025FBF0 /* Aestheticam */ = {
			isa = PBXGroup;
			children = (
				B895475D1D1B8E6E0025FBF0 /* Resources */,
				B895475C1D1B8E630025FBF0 /* Sources */,
			);
			path = Aestheticam;
			sourceTree = "<group>";
		};
		B895475C1D1B8E630025FBF0 /* Sources */ = {
			isa = PBXGroup;
			children = (
				B895475E1D1B8E850025FBF0 /* Controllers */,
				B89547631D1B8E850025FBF0 /* Models */,
				B89547651D1B8E850025FBF0 /* Other Sources */,
			);
			name = Sources;
			sourceTree = "<group>";
		};
		B895475D1D1B8E6E0025FBF0 /* Resources */ = {
			isa = PBXGroup;
			children = (
				B895478B1D1B8EB00025FBF0 /* Supporting Files */,
				B895478A1D1B8EAC0025FBF0 /* UI */,
				B895477D1D1B8EA90025FBF0 /* Sounds */,
			);
			name = Resources;
			sourceTree = "<group>";
		};
		B895475E1D1B8E850025FBF0 /* Controllers */ = {
			isa = PBXGroup;
			children = (
				B895475F1D1B8E850025FBF0 /* BaseController.swift */,
				B89547601D1B8E850025FBF0 /* CameraViewController.swift */,
				B89547611D1B8E850025FBF0 /* ProcessViewController.swift */,
				B89547621D1B8E850025FBF0 /* ReviewViewController.swift */,
			);
			name = Controllers;
			path = Sources/Controllers;
			sourceTree = "<group>";
		};
		B89547631D1B8E850025FBF0 /* Models */ = {
			isa = PBXGroup;
			children = (
				B89547641D1B8E850025FBF0 /* Image.swift */,
			);
			name = Models;
			path = Sources/Models;
			sourceTree = "<group>";
		};
		B89547651D1B8E850025FBF0 /* Other Sources */ = {
			isa = PBXGroup;
			children = (
				B895476C1D1B8E850025FBF0 /* main.swift */,
				B89547661D1B8E850025FBF0 /* AestheticApplication.swift */,
				B89547671D1B8E850025FBF0 /* AppDelegate.swift */,
				B89547681D1B8E850025FBF0 /* Colors.swift */,
				B89547691D1B8E850025FBF0 /* Globals.swift */,
				B895476A1D1B8E850025FBF0 /* ImageDownloader.swift */,
				B895476B1D1B8E850025FBF0 /* ImageProcessor.swift */,
				B895476D1D1B8E850025FBF0 /* ReplaceSegue.swift */,
				B895476E1D1B8E850025FBF0 /* Synthesizer.swift */,
			);
			name = "Other Sources";
			path = "Sources/Other Sources";
			sourceTree = "<group>";
		};
		B895477D1D1B8EA90025FBF0 /* Sounds */ = {
			isa = PBXGroup;
			children = (
				B895477E1D1B8EA90025FBF0 /* chill.mp3 */,
				B895477F1D1B8EA90025FBF0 /* push.aiff */,
				B89547801D1B8EA90025FBF0 /* snd1.aiff */,
				B89547811D1B8EA90025FBF0 /* snd2.aiff */,
				B89547821D1B8EA90025FBF0 /* snd3.aiff */,
				B89547831D1B8EA90025FBF0 /* snd4.aiff */,
			);
			path = Sounds;
			sourceTree = "<group>";
		};
		B895478A1D1B8EAC0025FBF0 /* UI */ = {
			isa = PBXGroup;
			children = (
				B895474E1D1B8E120025FBF0 /* Main.storyboard */,
				B89547511D1B8E120025FBF0 /* Assets.xcassets */,
				B89547531D1B8E120025FBF0 /* LaunchScreen.storyboard */,
			);
			name = UI;
			sourceTree = "<group>";
		};
		B895478B1D1B8EB00025FBF0 /* Supporting Files */ = {
			isa = PBXGroup;
			children = (
				B89547561D1B8E120025FBF0 /* Info.plist */,
			);
			name = "Supporting Files";
			sourceTree = "<group>";
		};
/* End PBXGroup section */

/* Begin PBXNativeTarget section */
		B89547461D1B8E120025FBF0 /* Aestheticam */ = {
			isa = PBXNativeTarget;
			buildConfigurationList = B89547591D1B8E120025FBF0 /* Build configuration list for PBXNativeTarget "Aestheticam" */;
			buildPhases = (
				75EA78A375E7328C6FEF704E /* [CP] Check Pods Manifest.lock */,
				B89547431D1B8E120025FBF0 /* Sources */,
				B89547441D1B8E120025FBF0 /* Frameworks */,
				B89547451D1B8E120025FBF0 /* Resources */,
				095FA84527513B91A9648284 /* [CP] Embed Pods Frameworks */,
				EE47E334587BDA05052221B7 /* [CP] Copy Pods Resources */,
			);
			buildRules = (
			);
			dependencies = (
			);
			name = Aestheticam;
			productName = Aestheticam;
			productReference = B89547471D1B8E120025FBF0 /* Aestheticam.app */;
			productType = "com.apple.product-type.application";
		};
/* End PBXNativeTarget section */

/* Begin PBXProject section */
		B895473F1D1B8E120025FBF0 /* Project object */ = {
			isa = PBXProject;
			attributes = {
				LastSwiftUpdateCheck = 0730;
				LastUpgradeCheck = 0730;
				ORGANIZATIONNAME = "Nicholas Lee Designs, LLC";
				TargetAttributes = {
					B89547461D1B8E120025FBF0 = {
						CreatedOnToolsVersion = 7.3.1;
						DevelopmentTeam = Q5XB9QXRZG;
					};
				};
			};
			buildConfigurationList = B89547421D1B8E120025FBF0 /* Build configuration list for PBXProject "Aestheticam" */;
			compatibilityVersion = "Xcode 3.2";
			developmentRegion = English;
			hasScannedForEncodings = 0;
			knownRegions = (
				en,
				Base,
			);
			mainGroup = B895473E1D1B8E120025FBF0;
			productRefGroup = B89547481D1B8E120025FBF0 /* Products */;
			projectDirPath = "";
			projectRoot = "";
			targets = (
				B89547461D1B8E120025FBF0 /* Aestheticam */,
			);
		};
/* End PBXProject section */

/* Begin PBXResourcesBuildPhase section */
		B89547451D1B8E120025FBF0 /* Resources */ = {
			isa = PBXResourcesBuildPhase;
			buildActionMask = 2147483647;
			files = (
				B89547851D1B8EA90025FBF0 /* push.aiff in Resources */,
				B89547891D1B8EA90025FBF0 /* snd4.aiff in Resources */,
				B89547871D1B8EA90025FBF0 /* snd2.aiff in Resources */,
				B89547861D1B8EA90025FBF0 /* snd1.aiff in Resources */,
				B89547551D1B8E120025FBF0 /* LaunchScreen.storyboard in Resources */,
				B89547521D1B8E120025FBF0 /* Assets.xcassets in Resources */,
				B89547881D1B8EA90025FBF0 /* snd3.aiff in Resources */,
				B89547501D1B8E120025FBF0 /* Main.storyboard in Resources */,
				B89547841D1B8EA90025FBF0 /* chill.mp3 in Resources */,
			);
			runOnlyForDeploymentPostprocessing = 0;
		};
/* End PBXResourcesBuildPhase section */

/* Begin PBXShellScriptBuildPhase section */
		095FA84527513B91A9648284 /* [CP] Embed Pods Frameworks */ = {
			isa = PBXShellScriptBuildPhase;
			buildActionMask = 2147483647;
			files = (
			);
			inputPaths = (
			);
			name = "[CP] Embed Pods Frameworks";
			outputPaths = (
			);
			runOnlyForDeploymentPostprocessing = 0;
			shellPath = /bin/sh;
			shellScript = "\"${SRCROOT}/Pods/Target Support Files/Pods-Aestheticam/Pods-Aestheticam-frameworks.sh\"\n";
			showEnvVarsInLog = 0;
		};
		75EA78A375E7328C6FEF704E /* [CP] Check Pods Manifest.lock */ = {
			isa = PBXShellScriptBuildPhase;
			buildActionMask = 2147483647;
			files = (
			);
			inputPaths = (
			);
			name = "[CP] Check Pods Manifest.lock";
			outputPaths = (
			);
			runOnlyForDeploymentPostprocessing = 0;
			shellPath = /bin/sh;
			shellScript = "diff \"${PODS_ROOT}/../Podfile.lock\" \"${PODS_ROOT}/Manifest.lock\" > /dev/null\nif [[ $? != 0 ]] ; then\n    cat << EOM\nerror: The sandbox is not in sync with the Podfile.lock. Run 'pod install' or update your CocoaPods installation.\nEOM\n    exit 1\nfi\n";
			showEnvVarsInLog = 0;
		};
		EE47E334587BDA05052221B7 /* [CP] Copy Pods Resources */ = {
			isa = PBXShellScriptBuildPhase;
			buildActionMask = 2147483647;
			files = (
			);
			inputPaths = (
			);
			name = "[CP] Copy Pods Resources";
			outputPaths = (
			);
			runOnlyForDeploymentPostprocessing = 0;
			shellPath = /bin/sh;
			shellScript = "\"${SRCROOT}/Pods/Target Support Files/Pods-Aestheticam/Pods-Aestheticam-resources.sh\"\n";
			showEnvVarsInLog = 0;
		};
/* End PBXShellScriptBuildPhase section */

/* Begin PBXSourcesBuildPhase section */
		B89547431D1B8E120025FBF0 /* Sources */ = {
			isa = PBXSourcesBuildPhase;
			buildActionMask = 2147483647;
			files = (
				B895477C1D1B8E850025FBF0 /* Synthesizer.swift in Sources */,
				B895476F1D1B8E850025FBF0 /* BaseController.swift in Sources */,
				B89547791D1B8E850025FBF0 /* ImageProcessor.swift in Sources */,
				B895477A1D1B8E850025FBF0 /* main.swift in Sources */,
				B89547761D1B8E850025FBF0 /* Colors.swift in Sources */,
				B895477B1D1B8E850025FBF0 /* ReplaceSegue.swift in Sources */,
				B89547701D1B8E850025FBF0 /* CameraViewController.swift in Sources */,
				B89547721D1B8E850025FBF0 /* ReviewViewController.swift in Sources */,
				B89547711D1B8E850025FBF0 /* ProcessViewController.swift in Sources */,
				B89547751D1B8E850025FBF0 /* AppDelegate.swift in Sources */,
				B89547781D1B8E850025FBF0 /* ImageDownloader.swift in Sources */,
				B89547731D1B8E850025FBF0 /* Image.swift in Sources */,
				B89547741D1B8E850025FBF0 /* AestheticApplication.swift in Sources */,
				B89547771D1B8E850025FBF0 /* Globals.swift in Sources */,
			);
			runOnlyForDeploymentPostprocessing = 0;
		};
/* End PBXSourcesBuildPhase section */

/* Begin PBXVariantGroup section */
		B895474E1D1B8E120025FBF0 /* Main.storyboard */ = {
			isa = PBXVariantGroup;
			children = (
				B895474F1D1B8E120025FBF0 /* Base */,
			);
			name = Main.storyboard;
			sourceTree = "<group>";
		};
		B89547531D1B8E120025FBF0 /* LaunchScreen.storyboard */ = {
			isa = PBXVariantGroup;
			children = (
				B89547541D1B8E120025FBF0 /* Base */,
			);
			name = LaunchScreen.storyboard;
			sourceTree = "<group>";
		};
/* End PBXVariantGroup section */

/* Begin XCBuildConfiguration section */
		B89547571D1B8E120025FBF0 /* Debug */ = {
			isa = XCBuildConfiguration;
			buildSettings = {
				ALWAYS_SEARCH_USER_PATHS = NO;
				CLANG_ANALYZER_NONNULL = YES;
				CLANG_CXX_LANGUAGE_STANDARD = "gnu++0x";
				CLANG_CXX_LIBRARY = "libc++";
				CLANG_ENABLE_MODULES = YES;
				CLANG_ENABLE_OBJC_ARC = YES;
				CLANG_WARN_BOOL_CONVERSION = YES;
				CLANG_WARN_CONSTANT_CONVERSION = YES;
				CLANG_WARN_DIRECT_OBJC_ISA_USAGE = YES_ERROR;
				CLANG_WARN_EMPTY_BODY = YES;
				CLANG_WARN_ENUM_CONVERSION = YES;
				CLANG_WARN_INT_CONVERSION = YES;
				CLANG_WARN_OBJC_ROOT_CLASS = YES_ERROR;
				CLANG_WARN_UNREACHABLE_CODE = YES;
				CLANG_WARN__DUPLICATE_METHOD_MATCH = YES;
				"CODE_SIGN_IDENTITY[sdk=iphoneos*]" = "iPhone Developer";
				COPY_PHASE_STRIP = NO;
				DEBUG_INFORMATION_FORMAT = dwarf;
				ENABLE_STRICT_OBJC_MSGSEND = YES;
				ENABLE_TESTABILITY = YES;
				GCC_C_LANGUAGE_STANDARD = gnu99;
				GCC_DYNAMIC_NO_PIC = NO;
				GCC_NO_COMMON_BLOCKS = YES;
				GCC_OPTIMIZATION_LEVEL = 0;
				GCC_PREPROCESSOR_DEFINITIONS = (
					"DEBUG=1",
					"$(inherited)",
				);
				GCC_WARN_64_TO_32_BIT_CONVERSION = YES;
				GCC_WARN_ABOUT_RETURN_TYPE = YES_ERROR;
				GCC_WARN_UNDECLARED_SELECTOR = YES;
				GCC_WARN_UNINITIALIZED_AUTOS = YES_AGGRESSIVE;
				GCC_WARN_UNUSED_FUNCTION = YES;
				GCC_WARN_UNUSED_VARIABLE = YES;
				IPHONEOS_DEPLOYMENT_TARGET = 9.3;
				MTL_ENABLE_DEBUG_INFO = YES;
				ONLY_ACTIVE_ARCH = YES;
				SDKROOT = iphoneos;
				SWIFT_OPTIMIZATION_LEVEL = "-Onone";
			};
			name = Debug;
		};
		B89547581D1B8E120025FBF0 /* Release */ = {
			isa = XCBuildConfiguration;
			buildSettings = {
				ALWAYS_SEARCH_USER_PATHS = NO;
				CLANG_ANALYZER_NONNULL = YES;
				CLANG_CXX_LANGUAGE_STANDARD = "gnu++0x";
				CLANG_CXX_LIBRARY = "libc++";
				CLANG_ENABLE_MODULES = YES;
				CLANG_ENABLE_OBJC_ARC = YES;
				CLANG_WARN_BOOL_CONVERSION = YES;
				CLANG_WARN_CONSTANT_CONVERSION = YES;
				CLANG_WARN_DIRECT_OBJC_ISA_USAGE = YES_ERROR;
				CLANG_WARN_EMPTY_BODY = YES;
				CLANG_WARN_ENUM_CONVERSION = YES;
				CLANG_WARN_INT_CONVERSION = YES;
				CLANG_WARN_OBJC_ROOT_CLASS = YES_ERROR;
				CLANG_WARN_UNREACHABLE_CODE = YES;
				CLANG_WARN__DUPLICATE_METHOD_MATCH = YES;
				"CODE_SIGN_IDENTITY[sdk=iphoneos*]" = "iPhone Developer";
				COPY_PHASE_STRIP = NO;
				DEBUG_INFORMATION_FORMAT = "dwarf-with-dsym";
				ENABLE_NS_ASSERTIONS = NO;
				ENABLE_STRICT_OBJC_MSGSEND = YES;
				GCC_C_LANGUAGE_STANDARD = gnu99;
				GCC_NO_COMMON_BLOCKS = YES;
				GCC_WARN_64_TO_32_BIT_CONVERSION = YES;
				GCC_WARN_ABOUT_RETURN_TYPE = YES_ERROR;
				GCC_WARN_UNDECLARED_SELECTOR = YES;
				GCC_WARN_UNINITIALIZED_AUTOS = YES_AGGRESSIVE;
				GCC_WARN_UNUSED_FUNCTION = YES;
				GCC_WARN_UNUSED_VARIABLE = YES;
				IPHONEOS_DEPLOYMENT_TARGET = 9.3;
				MTL_ENABLE_DEBUG_INFO = NO;
				SDKROOT = iphoneos;
				VALIDATE_PRODUCT = YES;
			};
			name = Release;
		};
		B895475A1D1B8E120025FBF0 /* Debug */ = {
			isa = XCBuildConfiguration;
			baseConfigurationReference = A47F4DF5B1B28C26EE476EB7 /* Pods-Aestheticam.debug.xcconfig */;
			buildSettings = {
				ASSETCATALOG_COMPILER_APPICON_NAME = AppIcon;
				CODE_SIGN_IDENTITY = "iPhone Developer";
				INFOPLIST_FILE = Aestheticam/Info.plist;
				LD_RUNPATH_SEARCH_PATHS = "$(inherited) @executable_path/Frameworks";
				PRODUCT_BUNDLE_IDENTIFIER = com.nicholasleedesigns.Aestheticam;
				PRODUCT_NAME = "$(TARGET_NAME)";
			};
			name = Debug;
		};
		B895475B1D1B8E120025FBF0 /* Release */ = {
			isa = XCBuildConfiguration;
			baseConfigurationReference = 10627CA52DA8E460B4FFB36F /* Pods-Aestheticam.release.xcconfig */;
			buildSettings = {
				ASSETCATALOG_COMPILER_APPICON_NAME = AppIcon;
				CODE_SIGN_IDENTITY = "iPhone Distribution";
				"CODE_SIGN_IDENTITY[sdk=iphoneos*]" = "iPhone Distribution";
				INFOPLIST_FILE = Aestheticam/Info.plist;
				LD_RUNPATH_SEARCH_PATHS = "$(inherited) @executable_path/Frameworks";
				PRODUCT_BUNDLE_IDENTIFIER = com.nicholasleedesigns.Aestheticam;
				PRODUCT_NAME = "$(TARGET_NAME)";
			};
			name = Release;
		};
/* End XCBuildConfiguration section */

/* Begin XCConfigurationList section */
		B89547421D1B8E120025FBF0 /* Build configuration list for PBXProject "Aestheticam" */ = {
			isa = XCConfigurationList;
			buildConfigurations = (
				B89547571D1B8E120025FBF0 /* Debug */,
				B89547581D1B8E120025FBF0 /* Release */,
			);
			defaultConfigurationIsVisible = 0;
			defaultConfigurationName = Release;
		};
		B89547591D1B8E120025FBF0 /* Build configuration list for PBXNativeTarget "Aestheticam" */ = {
			isa = XCConfigurationList;
			buildConfigurations = (
				B895475A1D1B8E120025FBF0 /* Debug */,
				B895475B1D1B8E120025FBF0 /* Release */,
			);
			defaultConfigurationIsVisible = 0;
			defaultConfigurationName = Release;
		};
/* End XCConfigurationList section */
	};
	rootObject = B895473F1D1B8E120025FBF0 /* Project object */;
}
