// !$*UTF8*$!
{
	archiveVersion = 1;
	classes = {
	};
	objectVersion = 46;
	objects = {

/* Begin PBXBuildFile section */
		B895474B1D1B8E120025FBF0 /* AppDelegate.swift in Sources */ = {isa = PBXBuildFile; fileRef = B895474A1D1B8E120025FBF0 /* AppDelegate.swift */; };
		B895474D1D1B8E120025FBF0 /* ViewController.swift in Sources */ = {isa = PBXBuildFile; fileRef = B895474C1D1B8E120025FBF0 /* ViewController.swift */; };
		B89547501D1B8E120025FBF0 /* Main.storyboard in Resources */ = {isa = PBXBuildFile; fileRef = B895474E1D1B8E120025FBF0 /* Main.storyboard */; };
		B89547521D1B8E120025FBF0 /* Assets.xcassets in Resources */ = {isa = PBXBuildFile; fileRef = B89547511D1B8E120025FBF0 /* Assets.xcassets */; };
		B89547551D1B8E120025FBF0 /* LaunchScreen.storyboard in Resources */ = {isa = PBXBuildFile; fileRef = B89547531D1B8E120025FBF0 /* LaunchScreen.storyboard */; };
/* End PBXBuildFile section */

/* Begin PBXFileReference section */
		B89547471D1B8E120025FBF0 /* Aestheticam.app */ = {isa = PBXFileReference; explicitFileType = wrapper.application; includeInIndex = 0; path = Aestheticam.app; sourceTree = BUILT_PRODUCTS_DIR; };
		B895474A1D1B8E120025FBF0 /* AppDelegate.swift */ = {isa = PBXFileReference; lastKnownFileType = sourcecode.swift; path = AppDelegate.swift; sourceTree = "<group>"; };
		B895474C1D1B8E120025FBF0 /* ViewController.swift */ = {isa = PBXFileReference; lastKnownFileType = sourcecode.swift; path = ViewController.swift; sourceTree = "<group>"; };
		B895474F1D1B8E120025FBF0 /* Base */ = {isa = PBXFileReference; lastKnownFileType = file.storyboard; name = Base; path = Base.lproj/Main.storyboard; sourceTree = "<group>"; };
		B89547511D1B8E120025FBF0 /* Assets.xcassets */ = {isa = PBXFileReference; lastKnownFileType = folder.assetcatalog; path = Assets.xcassets; sourceTree = "<group>"; };
		B89547541D1B8E120025FBF0 /* Base */ = {isa = PBXFileReference; lastKnownFileType = file.storyboard; name = Base; path = Base.lproj/LaunchScreen.storyboard; sourceTree = "<group>"; };
		B89547561D1B8E120025FBF0 /* Info.plist */ = {isa = PBXFileReference; lastKnownFileType = text.plist.xml; path = Info.plist; sourceTree = "<group>"; };
/* End PBXFileReference section */

/* Begin PBXFrameworksBuildPhase section */
		B89547441D1B8E120025FBF0 /* Frameworks */ = {
			isa = PBXFrameworksBuildPhase;
			buildActionMask = 2147483647;
			files = (
			);
			runOnlyForDeploymentPostprocessing = 0;
		};
/* End PBXFrameworksBuildPhase section */

/* Begin PBXGroup section */
		B895473E1D1B8E120025FBF0 = {
			isa = PBXGroup;
			children = (
				B89547491D1B8E120025FBF0 /* Aestheticam */,
				B89547481D1B8E120025FBF0 /* Products */,
			);
			sourceTree = "<group>";
		};
		B89547481D1B8E120025FBF0 /* Products */ = {
			isa = PBXGroup;
			children = (
				B89547471D1B8E120025FBF0 /* Aestheticam.app */,
			);
			name = Products;
			sourceTree = "<group>";
		};
		B89547491D1B8E120025FBF0 /* Aestheticam */ = {
			isa = PBXGroup;
			children = (
				B895474A1D1B8E120025FBF0 /* AppDelegate.swift */,
				B895474C1D1B8E120025FBF0 /* ViewController.swift */,
				B895474E1D1B8E120025FBF0 /* Main.storyboard */,
				B89547511D1B8E120025FBF0 /* Assets.xcassets */,
				B89547531D1B8E120025FBF0 /* LaunchScreen.storyboard */,
				B89547561D1B8E120025FBF0 /* Info.plist */,
			);
			path = Aestheticam;
			sourceTree = "<group>";
		};
/* End PBXGroup section */

/* Begin PBXNativeTarget section */
		B89547461D1B8E120025FBF0 /* Aestheticam */ = {
			isa = PBXNativeTarget;
			buildConfigurationList = B89547591D1B8E120025FBF0 /* Build configuration list for PBXNativeTarget "Aestheticam" */;
			buildPhases = (
				B89547431D1B8E120025FBF0 /* Sources */,
				B89547441D1B8E120025FBF0 /* Frameworks */,
				B89547451D1B8E120025FBF0 /* Resources */,
			);
			buildRules = (
			);
			dependencies = (
			);
			name = Aestheticam;
			productName = Aestheticam;
			productReference = B89547471D1B8E120025FBF0 /* Aestheticam.app */;
			productType = "com.apple.product-type.application";
		};
/* End PBXNativeTarget section */

/* Begin PBXProject section */
		B895473F1D1B8E120025FBF0 /* Project object */ = {
			isa = PBXProject;
			attributes = {
				LastSwiftUpdateCheck = 0730;
				LastUpgradeCheck = 0730;
				ORGANIZATIONNAME = "Nicholas Lee Designs, LLC";
				TargetAttributes = {
					B89547461D1B8E120025FBF0 = {
						CreatedOnToolsVersion = 7.3.1;
					};
				};
			};
			buildConfigurationList = B89547421D1B8E120025FBF0 /* Build configuration list for PBXProject "Aestheticam" */;
			compatibilityVersion = "Xcode 3.2";
			developmentRegion = English;
			hasScannedForEncodings = 0;
			knownRegions = (
				en,
				Base,
			);
			mainGroup = B895473E1D1B8E120025FBF0;
			productRefGroup = B89547481D1B8E120025FBF0 /* Products */;
			projectDirPath = "";
			projectRoot = "";
			targets = (
				B89547461D1B8E120025FBF0 /* Aestheticam */,
			);
		};
/* End PBXProject section */

/* Begin PBXResourcesBuildPhase section */
		B89547451D1B8E120025FBF0 /* Resources */ = {
			isa = PBXResourcesBuildPhase;
			buildActionMask = 2147483647;
			files = (
				B89547551D1B8E120025FBF0 /* LaunchScreen.storyboard in Resources */,
				B89547521D1B8E120025FBF0 /* Assets.xcassets in Resources */,
				B89547501D1B8E120025FBF0 /* Main.storyboard in Resources */,
			);
			runOnlyForDeploymentPostprocessing = 0;
		};
/* End PBXResourcesBuildPhase section */

/* Begin PBXSourcesBuildPhase section */
		B89547431D1B8E120025FBF0 /* Sources */ = {
			isa = PBXSourcesBuildPhase;
			buildActionMask = 2147483647;
			files = (
				B895474D1D1B8E120025FBF0 /* ViewController.swift in Sources */,
				B895474B1D1B8E120025FBF0 /* AppDelegate.swift in Sources */,
			);
			runOnlyForDeploymentPostprocessing = 0;
		};
/* End PBXSourcesBuildPhase section */

/* Begin PBXVariantGroup section */
		B895474E1D1B8E120025FBF0 /* Main.storyboard */ = {
			isa = PBXVariantGroup;
			children = (
				B895474F1D1B8E120025FBF0 /* Base */,
			);
			name = Main.storyboard;
			sourceTree = "<group>";
		};
		B89547531D1B8E120025FBF0 /* LaunchScreen.storyboard */ = {
			isa = PBXVariantGroup;
			children = (
				B89547541D1B8E120025FBF0 /* Base */,
			);
			name = LaunchScreen.storyboard;
			sourceTree = "<group>";
		};
/* End PBXVariantGroup section */

/* Begin XCBuildConfiguration section */
		B89547571D1B8E120025FBF0 /* Debug */ = {
			isa = XCBuildConfiguration;
			buildSettings = {
				ALWAYS_SEARCH_USER_PATHS = NO;
				CLANG_ANALYZER_NONNULL = YES;
				CLANG_CXX_LANGUAGE_STANDARD = "gnu++0x";
				CLANG_CXX_LIBRARY = "libc++";
				CLANG_ENABLE_MODULES = YES;
				CLANG_ENABLE_OBJC_ARC = YES;
				CLANG_WARN_BOOL_CONVERSION = YES;
				CLANG_WARN_CONSTANT_CONVERSION = YES;
				CLANG_WARN_DIRECT_OBJC_ISA_USAGE = YES_ERROR;
				CLANG_WARN_EMPTY_BODY = YES;
				CLANG_WARN_ENUM_CONVERSION = YES;
				CLANG_WARN_INT_CONVERSION = YES;
				CLANG_WARN_OBJC_ROOT_CLASS = YES_ERROR;
				CLANG_WARN_UNREACHABLE_CODE = YES;
				CLANG_WARN__DUPLICATE_METHOD_MATCH = YES;
				"CODE_SIGN_IDENTITY[sdk=iphoneos*]" = "iPhone Developer";
				COPY_PHASE_STRIP = NO;
				DEBUG_INFORMATION_FORMAT = dwarf;
				ENABLE_STRICT_OBJC_MSGSEND = YES;
				ENABLE_TESTABILITY = YES;
				GCC_C_LANGUAGE_STANDARD = gnu99;
				GCC_DYNAMIC_NO_PIC = NO;
				GCC_NO_COMMON_BLOCKS = YES;
				GCC_OPTIMIZATION_LEVEL = 0;
				GCC_PREPROCESSOR_DEFINITIONS = (
					"DEBUG=1",
					"$(inherited)",
				);
				GCC_WARN_64_TO_32_BIT_CONVERSION = YES;
				GCC_WARN_ABOUT_RETURN_TYPE = YES_ERROR;
				GCC_WARN_UNDECLARED_SELECTOR = YES;
				GCC_WARN_UNINITIALIZED_AUTOS = YES_AGGRESSIVE;
				GCC_WARN_UNUSED_FUNCTION = YES;
				GCC_WARN_UNUSED_VARIABLE = YES;
				IPHONEOS_DEPLOYMENT_TARGET = 9.3;
				MTL_ENABLE_DEBUG_INFO = YES;
				ONLY_ACTIVE_ARCH = YES;
				SDKROOT = iphoneos;
				SWIFT_OPTIMIZATION_LEVEL = "-Onone";
			};
			name = Debug;
		};
		B89547581D1B8E120025FBF0 /* Release */ = {
			isa = XCBuildConfiguration;
			buildSettings = {
				ALWAYS_SEARCH_USER_PATHS = NO;
				CLANG_ANALYZER_NONNULL = YES;
				CLANG_CXX_LANGUAGE_STANDARD = "gnu++0x";
				CLANG_CXX_LIBRARY = "libc++";
				CLANG_ENABLE_MODULES = YES;
				CLANG_ENABLE_OBJC_ARC = YES;
				CLANG_WARN_BOOL_CONVERSION = YES;
				CLANG_WARN_CONSTANT_CONVERSION = YES;
				CLANG_WARN_DIRECT_OBJC_ISA_USAGE = YES_ERROR;
				CLANG_WARN_EMPTY_BODY = YES;
				CLANG_WARN_ENUM_CONVERSION = YES;
				CLANG_WARN_INT_CONVERSION = YES;
				CLANG_WARN_OBJC_ROOT_CLASS = YES_ERROR;
				CLANG_WARN_UNREACHABLE_CODE = YES;
				CLANG_WARN__DUPLICATE_METHOD_MATCH = YES;
				"CODE_SIGN_IDENTITY[sdk=iphoneos*]" = "iPhone Developer";
				COPY_PHASE_STRIP = NO;
				DEBUG_INFORMATION_FORMAT = "dwarf-with-dsym";
				ENABLE_NS_ASSERTIONS = NO;
				ENABLE_STRICT_OBJC_MSGSEND = YES;
				GCC_C_LANGUAGE_STANDARD = gnu99;
				GCC_NO_COMMON_BLOCKS = YES;
				GCC_WARN_64_TO_32_BIT_CONVERSION = YES;
				GCC_WARN_ABOUT_RETURN_TYPE = YES_ERROR;
				GCC_WARN_UNDECLARED_SELECTOR = YES;
				GCC_WARN_UNINITIALIZED_AUTOS = YES_AGGRESSIVE;
				GCC_WARN_UNUSED_FUNCTION = YES;
				GCC_WARN_UNUSED_VARIABLE = YES;
				IPHONEOS_DEPLOYMENT_TARGET = 9.3;
				MTL_ENABLE_DEBUG_INFO = NO;
				SDKROOT = iphoneos;
				VALIDATE_PRODUCT = YES;
			};
			name = Release;
		};
		B895475A1D1B8E120025FBF0 /* Debug */ = {
			isa = XCBuildConfiguration;
			buildSettings = {
				ASSETCATALOG_COMPILER_APPICON_NAME = AppIcon;
				INFOPLIST_FILE = Aestheticam/Info.plist;
				LD_RUNPATH_SEARCH_PATHS = "$(inherited) @executable_path/Frameworks";
				PRODUCT_BUNDLE_IDENTIFIER = com.nicholasleedesigns.Aestheticam;
				PRODUCT_NAME = "$(TARGET_NAME)";
			};
			name = Debug;
		};
		B895475B1D1B8E120025FBF0 /* Release */ = {
			isa = XCBuildConfiguration;
			buildSettings = {
				ASSETCATALOG_COMPILER_APPICON_NAME = AppIcon;
				INFOPLIST_FILE = Aestheticam/Info.plist;
				LD_RUNPATH_SEARCH_PATHS = "$(inherited) @executable_path/Frameworks";
				PRODUCT_BUNDLE_IDENTIFIER = com.nicholasleedesigns.Aestheticam;
				PRODUCT_NAME = "$(TARGET_NAME)";
			};
			name = Release;
		};
/* End XCBuildConfiguration section */

/* Begin XCConfigurationList section */
		B89547421D1B8E120025FBF0 /* Build configuration list for PBXProject "Aestheticam" */ = {
			isa = XCConfigurationList;
			buildConfigurations = (
				B89547571D1B8E120025FBF0 /* Debug */,
				B89547581D1B8E120025FBF0 /* Release */,
			);
			defaultConfigurationIsVisible = 0;
			defaultConfigurationName = Release;
		};
		B89547591D1B8E120025FBF0 /* Build configuration list for PBXNativeTarget "Aestheticam" */ = {
			isa = XCConfigurationList;
			buildConfigurations = (
				B895475A1D1B8E120025FBF0 /* Debug */,
				B895475B1D1B8E120025FBF0 /* Release */,
			);
			defaultConfigurationIsVisible = 0;
		};
/* End XCConfigurationList section */
	};
	rootObject = B895473F1D1B8E120025FBF0 /* Project object */;
}
